// !$*UTF8*$!
{
	archiveVersion = 1;
	classes = {
	};
	objectVersion = 50;
	objects = {

/* Begin PBXBuildFile section */
		0C4CAE842FD3978AD7484F75 /* Pods_flixDemo.framework in Frameworks */ = {isa = PBXBuildFile; fileRef = B23FB1F83F3F65106340C5D6 /* Pods_flixDemo.framework */; };
		1DAFF185FB34E0EA7F3B59E8 /* Pods_flixDemoTests.framework in Frameworks */ = {isa = PBXBuildFile; fileRef = 157FD51D4F1C117EAE4E15BD /* Pods_flixDemoTests.framework */; };
		895BCC049D687F700ECFD677 /* Pods_flixDemoUITests.framework in Frameworks */ = {isa = PBXBuildFile; fileRef = ACC67A5F8C50932B506E516D /* Pods_flixDemoUITests.framework */; };
		A4E5F4C0221D284A00488903 /* AppDelegate.swift in Sources */ = {isa = PBXBuildFile; fileRef = A4E5F4BF221D284A00488903 /* AppDelegate.swift */; };
		A4E5F4C5221D284A00488903 /* Main.storyboard in Resources */ = {isa = PBXBuildFile; fileRef = A4E5F4C3221D284A00488903 /* Main.storyboard */; };
		A4E5F4C7221D284D00488903 /* Assets.xcassets in Resources */ = {isa = PBXBuildFile; fileRef = A4E5F4C6221D284D00488903 /* Assets.xcassets */; };
		A4E5F4CA221D284D00488903 /* LaunchScreen.storyboard in Resources */ = {isa = PBXBuildFile; fileRef = A4E5F4C8221D284D00488903 /* LaunchScreen.storyboard */; };
		A4E5F4D5221D284D00488903 /* flixDemoTests.swift in Sources */ = {isa = PBXBuildFile; fileRef = A4E5F4D4221D284D00488903 /* flixDemoTests.swift */; };
		A4E5F4E0221D284D00488903 /* flixDemoUITests.swift in Sources */ = {isa = PBXBuildFile; fileRef = A4E5F4DF221D284D00488903 /* flixDemoUITests.swift */; };
		A4E5F4EE221D291D00488903 /* MoviesViewController.swift in Sources */ = {isa = PBXBuildFile; fileRef = A4E5F4ED221D291D00488903 /* MoviesViewController.swift */; };
		A4E5F4F0221D312D00488903 /* MovieCell.swift in Sources */ = {isa = PBXBuildFile; fileRef = A4E5F4EF221D312D00488903 /* MovieCell.swift */; };
/* End PBXBuildFile section */

/* Begin PBXContainerItemProxy section */
		A4E5F4D1221D284D00488903 /* PBXContainerItemProxy */ = {
			isa = PBXContainerItemProxy;
			containerPortal = A4E5F4B4221D284A00488903 /* Project object */;
			proxyType = 1;
			remoteGlobalIDString = A4E5F4BB221D284A00488903;
			remoteInfo = flixDemo;
		};
		A4E5F4DC221D284D00488903 /* PBXContainerItemProxy */ = {
			isa = PBXContainerItemProxy;
			containerPortal = A4E5F4B4221D284A00488903 /* Project object */;
			proxyType = 1;
			remoteGlobalIDString = A4E5F4BB221D284A00488903;
			remoteInfo = flixDemo;
		};
/* End PBXContainerItemProxy section */

/* Begin PBXFileReference section */
		0E98188D187B7DCD12307793 /* Pods-flixDemoUITests.debug.xcconfig */ = {isa = PBXFileReference; includeInIndex = 1; lastKnownFileType = text.xcconfig; name = "Pods-flixDemoUITests.debug.xcconfig"; path = "Target Support Files/Pods-flixDemoUITests/Pods-flixDemoUITests.debug.xcconfig"; sourceTree = "<group>"; };
		157FD51D4F1C117EAE4E15BD /* Pods_flixDemoTests.framework */ = {isa = PBXFileReference; explicitFileType = wrapper.framework; includeInIndex = 0; path = Pods_flixDemoTests.framework; sourceTree = BUILT_PRODUCTS_DIR; };
		34CF7872F753F4C84290213D /* Pods-flixDemo.debug.xcconfig */ = {isa = PBXFileReference; includeInIndex = 1; lastKnownFileType = text.xcconfig; name = "Pods-flixDemo.debug.xcconfig"; path = "Target Support Files/Pods-flixDemo/Pods-flixDemo.debug.xcconfig"; sourceTree = "<group>"; };
		743CF70F8355966ED1944ACB /* Pods-flixDemo.release.xcconfig */ = {isa = PBXFileReference; includeInIndex = 1; lastKnownFileType = text.xcconfig; name = "Pods-flixDemo.release.xcconfig"; path = "Target Support Files/Pods-flixDemo/Pods-flixDemo.release.xcconfig"; sourceTree = "<group>"; };
		A4E5F4BC221D284A00488903 /* flixDemo.app */ = {isa = PBXFileReference; explicitFileType = wrapper.application; includeInIndex = 0; path = flixDemo.app; sourceTree = BUILT_PRODUCTS_DIR; };
		A4E5F4BF221D284A00488903 /* AppDelegate.swift */ = {isa = PBXFileReference; lastKnownFileType = sourcecode.swift; path = AppDelegate.swift; sourceTree = "<group>"; };
		A4E5F4C4221D284A00488903 /* Base */ = {isa = PBXFileReference; lastKnownFileType = file.storyboard; name = Base; path = Base.lproj/Main.storyboard; sourceTree = "<group>"; };
		A4E5F4C6221D284D00488903 /* Assets.xcassets */ = {isa = PBXFileReference; lastKnownFileType = folder.assetcatalog; path = Assets.xcassets; sourceTree = "<group>"; };
		A4E5F4C9221D284D00488903 /* Base */ = {isa = PBXFileReference; lastKnownFileType = file.storyboard; name = Base; path = Base.lproj/LaunchScreen.storyboard; sourceTree = "<group>"; };
		A4E5F4CB221D284D00488903 /* Info.plist */ = {isa = PBXFileReference; lastKnownFileType = text.plist.xml; path = Info.plist; sourceTree = "<group>"; };
		A4E5F4D0221D284D00488903 /* flixDemoTests.xctest */ = {isa = PBXFileReference; explicitFileType = wrapper.cfbundle; includeInIndex = 0; path = flixDemoTests.xctest; sourceTree = BUILT_PRODUCTS_DIR; };
		A4E5F4D4221D284D00488903 /* flixDemoTests.swift */ = {isa = PBXFileReference; lastKnownFileType = sourcecode.swift; path = flixDemoTests.swift; sourceTree = "<group>"; };
		A4E5F4D6221D284D00488903 /* Info.plist */ = {isa = PBXFileReference; lastKnownFileType = text.plist.xml; path = Info.plist; sourceTree = "<group>"; };
		A4E5F4DB221D284D00488903 /* flixDemoUITests.xctest */ = {isa = PBXFileReference; explicitFileType = wrapper.cfbundle; includeInIndex = 0; path = flixDemoUITests.xctest; sourceTree = BUILT_PRODUCTS_DIR; };
		A4E5F4DF221D284D00488903 /* flixDemoUITests.swift */ = {isa = PBXFileReference; lastKnownFileType = sourcecode.swift; path = flixDemoUITests.swift; sourceTree = "<group>"; };
		A4E5F4E1221D284D00488903 /* Info.plist */ = {isa = PBXFileReference; lastKnownFileType = text.plist.xml; path = Info.plist; sourceTree = "<group>"; };
		A4E5F4ED221D291D00488903 /* MoviesViewController.swift */ = {isa = PBXFileReference; lastKnownFileType = sourcecode.swift; path = MoviesViewController.swift; sourceTree = "<group>"; };
		A4E5F4EF221D312D00488903 /* MovieCell.swift */ = {isa = PBXFileReference; lastKnownFileType = sourcecode.swift; path = MovieCell.swift; sourceTree = "<group>"; };
		ACC67A5F8C50932B506E516D /* Pods_flixDemoUITests.framework */ = {isa = PBXFileReference; explicitFileType = wrapper.framework; includeInIndex = 0; path = Pods_flixDemoUITests.framework; sourceTree = BUILT_PRODUCTS_DIR; };
		B23FB1F83F3F65106340C5D6 /* Pods_flixDemo.framework */ = {isa = PBXFileReference; explicitFileType = wrapper.framework; includeInIndex = 0; path = Pods_flixDemo.framework; sourceTree = BUILT_PRODUCTS_DIR; };
		B93E04261AE0D4388E831837 /* Pods-flixDemoTests.debug.xcconfig */ = {isa = PBXFileReference; includeInIndex = 1; lastKnownFileType = text.xcconfig; name = "Pods-flixDemoTests.debug.xcconfig"; path = "Target Support Files/Pods-flixDemoTests/Pods-flixDemoTests.debug.xcconfig"; sourceTree = "<group>"; };
		D0E4E8FFAB6A2C45755A7D42 /* Pods-flixDemoTests.release.xcconfig */ = {isa = PBXFileReference; includeInIndex = 1; lastKnownFileType = text.xcconfig; name = "Pods-flixDemoTests.release.xcconfig"; path = "Target Support Files/Pods-flixDemoTests/Pods-flixDemoTests.release.xcconfig"; sourceTree = "<group>"; };
		D5EB60EF54FA45E44C0DD09E /* Pods-flixDemoUITests.release.xcconfig */ = {isa = PBXFileReference; includeInIndex = 1; lastKnownFileType = text.xcconfig; name = "Pods-flixDemoUITests.release.xcconfig"; path = "Target Support Files/Pods-flixDemoUITests/Pods-flixDemoUITests.release.xcconfig"; sourceTree = "<group>"; };
/* End PBXFileReference section */

/* Begin PBXFrameworksBuildPhase section */
		A4E5F4B9221D284A00488903 /* Frameworks */ = {
			isa = PBXFrameworksBuildPhase;
			buildActionMask = 2147483647;
			files = (
				0C4CAE842FD3978AD7484F75 /* Pods_flixDemo.framework in Frameworks */,
			);
			runOnlyForDeploymentPostprocessing = 0;
		};
		A4E5F4CD221D284D00488903 /* Frameworks */ = {
			isa = PBXFrameworksBuildPhase;
			buildActionMask = 2147483647;
			files = (
				1DAFF185FB34E0EA7F3B59E8 /* Pods_flixDemoTests.framework in Frameworks */,
			);
			runOnlyForDeploymentPostprocessing = 0;
		};
		A4E5F4D8221D284D00488903 /* Frameworks */ = {
			isa = PBXFrameworksBuildPhase;
			buildActionMask = 2147483647;
			files = (
				895BCC049D687F700ECFD677 /* Pods_flixDemoUITests.framework in Frameworks */,
			);
			runOnlyForDeploymentPostprocessing = 0;
		};
/* End PBXFrameworksBuildPhase section */

/* Begin PBXGroup section */
		A4E5F4B3221D284A00488903 = {
			isa = PBXGroup;
			children = (
				A4E5F4BE221D284A00488903 /* flixDemo */,
				A4E5F4D3221D284D00488903 /* flixDemoTests */,
				A4E5F4DE221D284D00488903 /* flixDemoUITests */,
				A4E5F4BD221D284A00488903 /* Products */,
				B7CE19F4BEEA20853D3004DF /* Pods */,
				D4E9574B1DAF8CFAACC3AB2B /* Frameworks */,
			);
			sourceTree = "<group>";
		};
		A4E5F4BD221D284A00488903 /* Products */ = {
			isa = PBXGroup;
			children = (
				A4E5F4BC221D284A00488903 /* flixDemo.app */,
				A4E5F4D0221D284D00488903 /* flixDemoTests.xctest */,
				A4E5F4DB221D284D00488903 /* flixDemoUITests.xctest */,
			);
			name = Products;
			sourceTree = "<group>";
		};
		A4E5F4BE221D284A00488903 /* flixDemo */ = {
			isa = PBXGroup;
			children = (
				A4E5F4BF221D284A00488903 /* AppDelegate.swift */,
				A4E5F4C3221D284A00488903 /* Main.storyboard */,
				A4E5F4C6221D284D00488903 /* Assets.xcassets */,
				A4E5F4C8221D284D00488903 /* LaunchScreen.storyboard */,
				A4E5F4CB221D284D00488903 /* Info.plist */,
				A4E5F4ED221D291D00488903 /* MoviesViewController.swift */,
				A4E5F4EF221D312D00488903 /* MovieCell.swift */,
			);
			path = flixDemo;
			sourceTree = "<group>";
		};
		A4E5F4D3221D284D00488903 /* flixDemoTests */ = {
			isa = PBXGroup;
			children = (
				A4E5F4D4221D284D00488903 /* flixDemoTests.swift */,
				A4E5F4D6221D284D00488903 /* Info.plist */,
			);
			path = flixDemoTests;
			sourceTree = "<group>";
		};
		A4E5F4DE221D284D00488903 /* flixDemoUITests */ = {
			isa = PBXGroup;
			children = (
				A4E5F4DF221D284D00488903 /* flixDemoUITests.swift */,
				A4E5F4E1221D284D00488903 /* Info.plist */,
			);
			path = flixDemoUITests;
			sourceTree = "<group>";
		};
		B7CE19F4BEEA20853D3004DF /* Pods */ = {
			isa = PBXGroup;
			children = (
				34CF7872F753F4C84290213D /* Pods-flixDemo.debug.xcconfig */,
				743CF70F8355966ED1944ACB /* Pods-flixDemo.release.xcconfig */,
				B93E04261AE0D4388E831837 /* Pods-flixDemoTests.debug.xcconfig */,
				D0E4E8FFAB6A2C45755A7D42 /* Pods-flixDemoTests.release.xcconfig */,
				0E98188D187B7DCD12307793 /* Pods-flixDemoUITests.debug.xcconfig */,
				D5EB60EF54FA45E44C0DD09E /* Pods-flixDemoUITests.release.xcconfig */,
			);
			name = Pods;
			path = Pods;
			sourceTree = "<group>";
		};
		D4E9574B1DAF8CFAACC3AB2B /* Frameworks */ = {
			isa = PBXGroup;
			children = (
				B23FB1F83F3F65106340C5D6 /* Pods_flixDemo.framework */,
				157FD51D4F1C117EAE4E15BD /* Pods_flixDemoTests.framework */,
				ACC67A5F8C50932B506E516D /* Pods_flixDemoUITests.framework */,
			);
			name = Frameworks;
			sourceTree = "<group>";
		};
/* End PBXGroup section */

/* Begin PBXNativeTarget section */
		A4E5F4BB221D284A00488903 /* flixDemo */ = {
			isa = PBXNativeTarget;
			buildConfigurationList = A4E5F4E4221D284D00488903 /* Build configuration list for PBXNativeTarget "flixDemo" */;
			buildPhases = (
				CB4ED084619D04F00C47E223 /* [CP] Check Pods Manifest.lock */,
				A4E5F4B8221D284A00488903 /* Sources */,
				A4E5F4B9221D284A00488903 /* Frameworks */,
				A4E5F4BA221D284A00488903 /* Resources */,
				BDBC2F9E916ADE2400A8FA4A /* [CP] Embed Pods Frameworks */,
			);
			buildRules = (
			);
			dependencies = (
			);
			name = flixDemo;
			productName = flixDemo;
			productReference = A4E5F4BC221D284A00488903 /* flixDemo.app */;
			productType = "com.apple.product-type.application";
		};
		A4E5F4CF221D284D00488903 /* flixDemoTests */ = {
			isa = PBXNativeTarget;
			buildConfigurationList = A4E5F4E7221D284D00488903 /* Build configuration list for PBXNativeTarget "flixDemoTests" */;
			buildPhases = (
				9F5DB546302AA5137552283B /* [CP] Check Pods Manifest.lock */,
				A4E5F4CC221D284D00488903 /* Sources */,
				A4E5F4CD221D284D00488903 /* Frameworks */,
				A4E5F4CE221D284D00488903 /* Resources */,
			);
			buildRules = (
			);
			dependencies = (
				A4E5F4D2221D284D00488903 /* PBXTargetDependency */,
			);
			name = flixDemoTests;
			productName = flixDemoTests;
			productReference = A4E5F4D0221D284D00488903 /* flixDemoTests.xctest */;
			productType = "com.apple.product-type.bundle.unit-test";
		};
		A4E5F4DA221D284D00488903 /* flixDemoUITests */ = {
			isa = PBXNativeTarget;
			buildConfigurationList = A4E5F4EA221D284D00488903 /* Build configuration list for PBXNativeTarget "flixDemoUITests" */;
			buildPhases = (
				71D142636B3B856DE054B3E9 /* [CP] Check Pods Manifest.lock */,
				A4E5F4D7221D284D00488903 /* Sources */,
				A4E5F4D8221D284D00488903 /* Frameworks */,
				A4E5F4D9221D284D00488903 /* Resources */,
			);
			buildRules = (
			);
			dependencies = (
				A4E5F4DD221D284D00488903 /* PBXTargetDependency */,
			);
			name = flixDemoUITests;
			productName = flixDemoUITests;
			productReference = A4E5F4DB221D284D00488903 /* flixDemoUITests.xctest */;
			productType = "com.apple.product-type.bundle.ui-testing";
		};
/* End PBXNativeTarget section */

/* Begin PBXProject section */
		A4E5F4B4221D284A00488903 /* Project object */ = {
			isa = PBXProject;
			attributes = {
				LastSwiftUpdateCheck = 1010;
				LastUpgradeCheck = 1010;
				ORGANIZATIONNAME = "Zi Yang";
				TargetAttributes = {
					A4E5F4BB221D284A00488903 = {
						CreatedOnToolsVersion = 10.1;
					};
					A4E5F4CF221D284D00488903 = {
						CreatedOnToolsVersion = 10.1;
						TestTargetID = A4E5F4BB221D284A00488903;
					};
					A4E5F4DA221D284D00488903 = {
						CreatedOnToolsVersion = 10.1;
						TestTargetID = A4E5F4BB221D284A00488903;
					};
				};
			};
			buildConfigurationList = A4E5F4B7221D284A00488903 /* Build configuration list for PBXProject "flixDemo" */;
			compatibilityVersion = "Xcode 9.3";
			developmentRegion = en;
			hasScannedForEncodings = 0;
			knownRegions = (
				en,
				Base,
			);
			mainGroup = A4E5F4B3221D284A00488903;
			productRefGroup = A4E5F4BD221D284A00488903 /* Products */;
			projectDirPath = "";
			projectRoot = "";
			targets = (
				A4E5F4BB221D284A00488903 /* flixDemo */,
				A4E5F4CF221D284D00488903 /* flixDemoTests */,
				A4E5F4DA221D284D00488903 /* flixDemoUITests */,
			);
		};
/* End PBXProject section */

/* Begin PBXResourcesBuildPhase section */
		A4E5F4BA221D284A00488903 /* Resources */ = {
			isa = PBXResourcesBuildPhase;
			buildActionMask = 2147483647;
			files = (
				A4E5F4CA221D284D00488903 /* LaunchScreen.storyboard in Resources */,
				A4E5F4C7221D284D00488903 /* Assets.xcassets in Resources */,
				A4E5F4C5221D284A00488903 /* Main.storyboard in Resources */,
			);
			runOnlyForDeploymentPostprocessing = 0;
		};
		A4E5F4CE221D284D00488903 /* Resources */ = {
			isa = PBXResourcesBuildPhase;
			buildActionMask = 2147483647;
			files = (
			);
			runOnlyForDeploymentPostprocessing = 0;
		};
		A4E5F4D9221D284D00488903 /* Resources */ = {
			isa = PBXResourcesBuildPhase;
			buildActionMask = 2147483647;
			files = (
			);
			runOnlyForDeploymentPostprocessing = 0;
		};
/* End PBXResourcesBuildPhase section */

/* Begin PBXShellScriptBuildPhase section */
		71D142636B3B856DE054B3E9 /* [CP] Check Pods Manifest.lock */ = {
			isa = PBXShellScriptBuildPhase;
			buildActionMask = 2147483647;
			files = (
			);
			inputFileListPaths = (
			);
			inputPaths = (
				"${PODS_PODFILE_DIR_PATH}/Podfile.lock",
				"${PODS_ROOT}/Manifest.lock",
			);
			name = "[CP] Check Pods Manifest.lock";
			outputFileListPaths = (
			);
			outputPaths = (
				"$(DERIVED_FILE_DIR)/Pods-flixDemoUITests-checkManifestLockResult.txt",
			);
			runOnlyForDeploymentPostprocessing = 0;
			shellPath = /bin/sh;
			shellScript = "diff \"${PODS_PODFILE_DIR_PATH}/Podfile.lock\" \"${PODS_ROOT}/Manifest.lock\" > /dev/null\nif [ $? != 0 ] ; then\n    # print error to STDERR\n    echo \"error: The sandbox is not in sync with the Podfile.lock. Run 'pod install' or update your CocoaPods installation.\" >&2\n    exit 1\nfi\n# This output is used by Xcode 'outputs' to avoid re-running this script phase.\necho \"SUCCESS\" > \"${SCRIPT_OUTPUT_FILE_0}\"\n";
			showEnvVarsInLog = 0;
		};
		9F5DB546302AA5137552283B /* [CP] Check Pods Manifest.lock */ = {
			isa = PBXShellScriptBuildPhase;
			buildActionMask = 2147483647;
			files = (
			);
			inputFileListPaths = (
			);
			inputPaths = (
				"${PODS_PODFILE_DIR_PATH}/Podfile.lock",
				"${PODS_ROOT}/Manifest.lock",
			);
			name = "[CP] Check Pods Manifest.lock";
			outputFileListPaths = (
			);
			outputPaths = (
				"$(DERIVED_FILE_DIR)/Pods-flixDemoTests-checkManifestLockResult.txt",
			);
			runOnlyForDeploymentPostprocessing = 0;
			shellPath = /bin/sh;
			shellScript = "diff \"${PODS_PODFILE_DIR_PATH}/Podfile.lock\" \"${PODS_ROOT}/Manifest.lock\" > /dev/null\nif [ $? != 0 ] ; then\n    # print error to STDERR\n    echo \"error: The sandbox is not in sync with the Podfile.lock. Run 'pod install' or update your CocoaPods installation.\" >&2\n    exit 1\nfi\n# This output is used by Xcode 'outputs' to avoid re-running this script phase.\necho \"SUCCESS\" > \"${SCRIPT_OUTPUT_FILE_0}\"\n";
			showEnvVarsInLog = 0;
		};
		BDBC2F9E916ADE2400A8FA4A /* [CP] Embed Pods Frameworks */ = {
			isa = PBXShellScriptBuildPhase;
			buildActionMask = 2147483647;
			files = (
			);
			inputFileListPaths = (
			);
			inputPaths = (
				"${PODS_ROOT}/Target Support Files/Pods-flixDemo/Pods-flixDemo-frameworks.sh",
				"${BUILT_PRODUCTS_DIR}/Alamofire/Alamofire.framework",
				"${BUILT_PRODUCTS_DIR}/AlamofireImage/AlamofireImage.framework",
			);
			name = "[CP] Embed Pods Frameworks";
			outputFileListPaths = (
			);
			outputPaths = (
				"${TARGET_BUILD_DIR}/${FRAMEWORKS_FOLDER_PATH}/Alamofire.framework",
				"${TARGET_BUILD_DIR}/${FRAMEWORKS_FOLDER_PATH}/AlamofireImage.framework",
			);
			runOnlyForDeploymentPostprocessing = 0;
			shellPath = /bin/sh;
			shellScript = "\"${PODS_ROOT}/Target Support Files/Pods-flixDemo/Pods-flixDemo-frameworks.sh\"\n";
			showEnvVarsInLog = 0;
		};
		CB4ED084619D04F00C47E223 /* [CP] Check Pods Manifest.lock */ = {
			isa = PBXShellScriptBuildPhase;
			buildActionMask = 2147483647;
			files = (
			);
			inputFileListPaths = (
			);
			inputPaths = (
				"${PODS_PODFILE_DIR_PATH}/Podfile.lock",
				"${PODS_ROOT}/Manifest.lock",
			);
			name = "[CP] Check Pods Manifest.lock";
			outputFileListPaths = (
			);
			outputPaths = (
				"$(DERIVED_FILE_DIR)/Pods-flixDemo-checkManifestLockResult.txt",
			);
			runOnlyForDeploymentPostprocessing = 0;
			shellPath = /bin/sh;
			shellScript = "diff \"${PODS_PODFILE_DIR_PATH}/Podfile.lock\" \"${PODS_ROOT}/Manifest.lock\" > /dev/null\nif [ $? != 0 ] ; then\n    # print error to STDERR\n    echo \"error: The sandbox is not in sync with the Podfile.lock. Run 'pod install' or update your CocoaPods installation.\" >&2\n    exit 1\nfi\n# This output is used by Xcode 'outputs' to avoid re-running this script phase.\necho \"SUCCESS\" > \"${SCRIPT_OUTPUT_FILE_0}\"\n";
			showEnvVarsInLog = 0;
		};
/* End PBXShellScriptBuildPhase section */

/* Begin PBXSourcesBuildPhase section */
		A4E5F4B8221D284A00488903 /* Sources */ = {
			isa = PBXSourcesBuildPhase;
			buildActionMask = 2147483647;
			files = (
				A4E5F4C0221D284A00488903 /* AppDelegate.swift in Sources */,
				A4E5F4EE221D291D00488903 /* MoviesViewController.swift in Sources */,
				A4E5F4F0221D312D00488903 /* MovieCell.swift in Sources */,
			);
			runOnlyForDeploymentPostprocessing = 0;
		};
		A4E5F4CC221D284D00488903 /* Sources */ = {
			isa = PBXSourcesBuildPhase;
			buildActionMask = 2147483647;
			files = (
				A4E5F4D5221D284D00488903 /* flixDemoTests.swift in Sources */,
			);
			runOnlyForDeploymentPostprocessing = 0;
		};
		A4E5F4D7221D284D00488903 /* Sources */ = {
			isa = PBXSourcesBuildPhase;
			buildActionMask = 2147483647;
			files = (
				A4E5F4E0221D284D00488903 /* flixDemoUITests.swift in Sources */,
			);
			runOnlyForDeploymentPostprocessing = 0;
		};
/* End PBXSourcesBuildPhase section */

/* Begin PBXTargetDependency section */
		A4E5F4D2221D284D00488903 /* PBXTargetDependency */ = {
			isa = PBXTargetDependency;
			target = A4E5F4BB221D284A00488903 /* flixDemo */;
			targetProxy = A4E5F4D1221D284D00488903 /* PBXContainerItemProxy */;
		};
		A4E5F4DD221D284D00488903 /* PBXTargetDependency */ = {
			isa = PBXTargetDependency;
			target = A4E5F4BB221D284A00488903 /* flixDemo */;
			targetProxy = A4E5F4DC221D284D00488903 /* PBXContainerItemProxy */;
		};
/* End PBXTargetDependency section */

/* Begin PBXVariantGroup section */
		A4E5F4C3221D284A00488903 /* Main.storyboard */ = {
			isa = PBXVariantGroup;
			children = (
				A4E5F4C4221D284A00488903 /* Base */,
			);
			name = Main.storyboard;
			sourceTree = "<group>";
		};
		A4E5F4C8221D284D00488903 /* LaunchScreen.storyboard */ = {
			isa = PBXVariantGroup;
			children = (
				A4E5F4C9221D284D00488903 /* Base */,
			);
			name = LaunchScreen.storyboard;
			sourceTree = "<group>";
		};
/* End PBXVariantGroup section */

/* Begin XCBuildConfiguration section */
		A4E5F4E2221D284D00488903 /* Debug */ = {
			isa = XCBuildConfiguration;
			buildSettings = {
				ALWAYS_SEARCH_USER_PATHS = NO;
				CLANG_ANALYZER_NONNULL = YES;
				CLANG_ANALYZER_NUMBER_OBJECT_CONVERSION = YES_AGGRESSIVE;
				CLANG_CXX_LANGUAGE_STANDARD = "gnu++14";
				CLANG_CXX_LIBRARY = "libc++";
				CLANG_ENABLE_MODULES = YES;
				CLANG_ENABLE_OBJC_ARC = YES;
				CLANG_ENABLE_OBJC_WEAK = YES;
				CLANG_WARN_BLOCK_CAPTURE_AUTORELEASING = YES;
				CLANG_WARN_BOOL_CONVERSION = YES;
				CLANG_WARN_COMMA = YES;
				CLANG_WARN_CONSTANT_CONVERSION = YES;
				CLANG_WARN_DEPRECATED_OBJC_IMPLEMENTATIONS = YES;
				CLANG_WARN_DIRECT_OBJC_ISA_USAGE = YES_ERROR;
				CLANG_WARN_DOCUMENTATION_COMMENTS = YES;
				CLANG_WARN_EMPTY_BODY = YES;
				CLANG_WARN_ENUM_CONVERSION = YES;
				CLANG_WARN_INFINITE_RECURSION = YES;
				CLANG_WARN_INT_CONVERSION = YES;
				CLANG_WARN_NON_LITERAL_NULL_CONVERSION = YES;
				CLANG_WARN_OBJC_IMPLICIT_RETAIN_SELF = YES;
				CLANG_WARN_OBJC_LITERAL_CONVERSION = YES;
				CLANG_WARN_OBJC_ROOT_CLASS = YES_ERROR;
				CLANG_WARN_RANGE_LOOP_ANALYSIS = YES;
				CLANG_WARN_STRICT_PROTOTYPES = YES;
				CLANG_WARN_SUSPICIOUS_MOVE = YES;
				CLANG_WARN_UNGUARDED_AVAILABILITY = YES_AGGRESSIVE;
				CLANG_WARN_UNREACHABLE_CODE = YES;
				CLANG_WARN__DUPLICATE_METHOD_MATCH = YES;
				CODE_SIGN_IDENTITY = "iPhone Developer";
				COPY_PHASE_STRIP = NO;
				DEBUG_INFORMATION_FORMAT = dwarf;
				ENABLE_STRICT_OBJC_MSGSEND = YES;
				ENABLE_TESTABILITY = YES;
				GCC_C_LANGUAGE_STANDARD = gnu11;
				GCC_DYNAMIC_NO_PIC = NO;
				GCC_NO_COMMON_BLOCKS = YES;
				GCC_OPTIMIZATION_LEVEL = 0;
				GCC_PREPROCESSOR_DEFINITIONS = (
					"DEBUG=1",
					"$(inherited)",
				);
				GCC_WARN_64_TO_32_BIT_CONVERSION = YES;
				GCC_WARN_ABOUT_RETURN_TYPE = YES_ERROR;
				GCC_WARN_UNDECLARED_SELECTOR = YES;
				GCC_WARN_UNINITIALIZED_AUTOS = YES_AGGRESSIVE;
				GCC_WARN_UNUSED_FUNCTION = YES;
				GCC_WARN_UNUSED_VARIABLE = YES;
				IPHONEOS_DEPLOYMENT_TARGET = 12.1;
				MTL_ENABLE_DEBUG_INFO = INCLUDE_SOURCE;
				MTL_FAST_MATH = YES;
				ONLY_ACTIVE_ARCH = YES;
				SDKROOT = iphoneos;
				SWIFT_ACTIVE_COMPILATION_CONDITIONS = DEBUG;
				SWIFT_OPTIMIZATION_LEVEL = "-Onone";
			};
			name = Debug;
		};
		A4E5F4E3221D284D00488903 /* Release */ = {
			isa = XCBuildConfiguration;
			buildSettings = {
				ALWAYS_SEARCH_USER_PATHS = NO;
				CLANG_ANALYZER_NONNULL = YES;
				CLANG_ANALYZER_NUMBER_OBJECT_CONVERSION = YES_AGGRESSIVE;
				CLANG_CXX_LANGUAGE_STANDARD = "gnu++14";
				CLANG_CXX_LIBRARY = "libc++";
				CLANG_ENABLE_MODULES = YES;
				CLANG_ENABLE_OBJC_ARC = YES;
				CLANG_ENABLE_OBJC_WEAK = YES;
				CLANG_WARN_BLOCK_CAPTURE_AUTORELEASING = YES;
				CLANG_WARN_BOOL_CONVERSION = YES;
				CLANG_WARN_COMMA = YES;
				CLANG_WARN_CONSTANT_CONVERSION = YES;
				CLANG_WARN_DEPRECATED_OBJC_IMPLEMENTATIONS = YES;
				CLANG_WARN_DIRECT_OBJC_ISA_USAGE = YES_ERROR;
				CLANG_WARN_DOCUMENTATION_COMMENTS = YES;
				CLANG_WARN_EMPTY_BODY = YES;
				CLANG_WARN_ENUM_CONVERSION = YES;
				CLANG_WARN_INFINITE_RECURSION = YES;
				CLANG_WARN_INT_CONVERSION = YES;
				CLANG_WARN_NON_LITERAL_NULL_CONVERSION = YES;
				CLANG_WARN_OBJC_IMPLICIT_RETAIN_SELF = YES;
				CLANG_WARN_OBJC_LITERAL_CONVERSION = YES;
				CLANG_WARN_OBJC_ROOT_CLASS = YES_ERROR;
				CLANG_WARN_RANGE_LOOP_ANALYSIS = YES;
				CLANG_WARN_STRICT_PROTOTYPES = YES;
				CLANG_WARN_SUSPICIOUS_MOVE = YES;
				CLANG_WARN_UNGUARDED_AVAILABILITY = YES_AGGRESSIVE;
				CLANG_WARN_UNREACHABLE_CODE = YES;
				CLANG_WARN__DUPLICATE_METHOD_MATCH = YES;
				CODE_SIGN_IDENTITY = "iPhone Developer";
				COPY_PHASE_STRIP = NO;
				DEBUG_INFORMATION_FORMAT = "dwarf-with-dsym";
				ENABLE_NS_ASSERTIONS = NO;
				ENABLE_STRICT_OBJC_MSGSEND = YES;
				GCC_C_LANGUAGE_STANDARD = gnu11;
				GCC_NO_COMMON_BLOCKS = YES;
				GCC_WARN_64_TO_32_BIT_CONVERSION = YES;
				GCC_WARN_ABOUT_RETURN_TYPE = YES_ERROR;
				GCC_WARN_UNDECLARED_SELECTOR = YES;
				GCC_WARN_UNINITIALIZED_AUTOS = YES_AGGRESSIVE;
				GCC_WARN_UNUSED_FUNCTION = YES;
				GCC_WARN_UNUSED_VARIABLE = YES;
				IPHONEOS_DEPLOYMENT_TARGET = 12.1;
				MTL_ENABLE_DEBUG_INFO = NO;
				MTL_FAST_MATH = YES;
				SDKROOT = iphoneos;
				SWIFT_COMPILATION_MODE = wholemodule;
				SWIFT_OPTIMIZATION_LEVEL = "-O";
				VALIDATE_PRODUCT = YES;
			};
			name = Release;
		};
		A4E5F4E5221D284D00488903 /* Debug */ = {
			isa = XCBuildConfiguration;
			baseConfigurationReference = 34CF7872F753F4C84290213D /* Pods-flixDemo.debug.xcconfig */;
			buildSettings = {
				ASSETCATALOG_COMPILER_APPICON_NAME = AppIcon;
				CODE_SIGN_STYLE = Automatic;
				DEVELOPMENT_TEAM = PP39RZJ7X4;
				INFOPLIST_FILE = flixDemo/Info.plist;
				LD_RUNPATH_SEARCH_PATHS = (
					"$(inherited)",
					"@executable_path/Frameworks",
				);
				PRODUCT_BUNDLE_IDENTIFIER = "yangzi960925-gmail.com.flixDemo";
				PRODUCT_NAME = "$(TARGET_NAME)";
				SWIFT_VERSION = 4.2;
				TARGETED_DEVICE_FAMILY = "1,2";
			};
			name = Debug;
		};
		A4E5F4E6221D284D00488903 /* Release */ = {
			isa = XCBuildConfiguration;
			baseConfigurationReference = 743CF70F8355966ED1944ACB /* Pods-flixDemo.release.xcconfig */;
			buildSettings = {
				ASSETCATALOG_COMPILER_APPICON_NAME = AppIcon;
				CODE_SIGN_STYLE = Automatic;
				DEVELOPMENT_TEAM = PP39RZJ7X4;
				INFOPLIST_FILE = flixDemo/Info.plist;
				LD_RUNPATH_SEARCH_PATHS = (
					"$(inherited)",
					"@executable_path/Frameworks",
				);
				PRODUCT_BUNDLE_IDENTIFIER = "yangzi960925-gmail.com.flixDemo";
				PRODUCT_NAME = "$(TARGET_NAME)";
				SWIFT_VERSION = 4.2;
				TARGETED_DEVICE_FAMILY = "1,2";
			};
			name = Release;
		};
		A4E5F4E8221D284D00488903 /* Debug */ = {
			isa = XCBuildConfiguration;
			baseConfigurationReference = B93E04261AE0D4388E831837 /* Pods-flixDemoTests.debug.xcconfig */;
			buildSettings = {
				ALWAYS_EMBED_SWIFT_STANDARD_LIBRARIES = YES;
				BUNDLE_LOADER = "$(TEST_HOST)";
				CODE_SIGN_STYLE = Automatic;
				DEVELOPMENT_TEAM = PP39RZJ7X4;
				INFOPLIST_FILE = flixDemoTests/Info.plist;
				LD_RUNPATH_SEARCH_PATHS = (
					"$(inherited)",
					"@executable_path/Frameworks",
					"@loader_path/Frameworks",
				);
				PRODUCT_BUNDLE_IDENTIFIER = "yangzi960925-gmail.com.flixDemoTests";
				PRODUCT_NAME = "$(TARGET_NAME)";
				SWIFT_VERSION = 4.2;
				TARGETED_DEVICE_FAMILY = "1,2";
				TEST_HOST = "$(BUILT_PRODUCTS_DIR)/flixDemo.app/flixDemo";
			};
			name = Debug;
		};
		A4E5F4E9221D284D00488903 /* Release */ = {
			isa = XCBuildConfiguration;
			baseConfigurationReference = D0E4E8FFAB6A2C45755A7D42 /* Pods-flixDemoTests.release.xcconfig */;
			buildSettings = {
				ALWAYS_EMBED_SWIFT_STANDARD_LIBRARIES = YES;
				BUNDLE_LOADER = "$(TEST_HOST)";
				CODE_SIGN_STYLE = Automatic;
				DEVELOPMENT_TEAM = PP39RZJ7X4;
				INFOPLIST_FILE = flixDemoTests/Info.plist;
				LD_RUNPATH_SEARCH_PATHS = (
					"$(inherited)",
					"@executable_path/Frameworks",
					"@loader_path/Frameworks",
				);
				PRODUCT_BUNDLE_IDENTIFIER = "yangzi960925-gmail.com.flixDemoTests";
				PRODUCT_NAME = "$(TARGET_NAME)";
				SWIFT_VERSION = 4.2;
				TARGETED_DEVICE_FAMILY = "1,2";
				TEST_HOST = "$(BUILT_PRODUCTS_DIR)/flixDemo.app/flixDemo";
			};
			name = Release;
		};
		A4E5F4EB221D284D00488903 /* Debug */ = {
			isa = XCBuildConfiguration;
			baseConfigurationReference = 0E98188D187B7DCD12307793 /* Pods-flixDemoUITests.debug.xcconfig */;
			buildSettings = {
				ALWAYS_EMBED_SWIFT_STANDARD_LIBRARIES = YES;
				CODE_SIGN_STYLE = Automatic;
				DEVELOPMENT_TEAM = PP39RZJ7X4;
				INFOPLIST_FILE = flixDemoUITests/Info.plist;
				LD_RUNPATH_SEARCH_PATHS = (
					"$(inherited)",
					"@executable_path/Frameworks",
					"@loader_path/Frameworks",
				);
				PRODUCT_BUNDLE_IDENTIFIER = "yangzi960925-gmail.com.flixDemoUITests";
				PRODUCT_NAME = "$(TARGET_NAME)";
				SWIFT_VERSION = 4.2;
				TARGETED_DEVICE_FAMILY = "1,2";
				TEST_TARGET_NAME = flixDemo;
			};
			name = Debug;
		};
		A4E5F4EC221D284D00488903 /* Release */ = {
			isa = XCBuildConfiguration;
			baseConfigurationReference = D5EB60EF54FA45E44C0DD09E /* Pods-flixDemoUITests.release.xcconfig */;
			buildSettings = {
				ALWAYS_EMBED_SWIFT_STANDARD_LIBRARIES = YES;
				CODE_SIGN_STYLE = Automatic;
				DEVELOPMENT_TEAM = PP39RZJ7X4;
				INFOPLIST_FILE = flixDemoUITests/Info.plist;
				LD_RUNPATH_SEARCH_PATHS = (
					"$(inherited)",
					"@executable_path/Frameworks",
					"@loader_path/Frameworks",
				);
				PRODUCT_BUNDLE_IDENTIFIER = "yangzi960925-gmail.com.flixDemoUITests";
				PRODUCT_NAME = "$(TARGET_NAME)";
				SWIFT_VERSION = 4.2;
				TARGETED_DEVICE_FAMILY = "1,2";
				TEST_TARGET_NAME = flixDemo;
			};
			name = Release;
		};
/* End XCBuildConfiguration section */

/* Begin XCConfigurationList section */
		A4E5F4B7221D284A00488903 /* Build configuration list for PBXProject "flixDemo" */ = {
			isa = XCConfigurationList;
			buildConfigurations = (
				A4E5F4E2221D284D00488903 /* Debug */,
				A4E5F4E3221D284D00488903 /* Release */,
			);
			defaultConfigurationIsVisible = 0;
			defaultConfigurationName = Release;
		};
		A4E5F4E4221D284D00488903 /* Build configuration list for PBXNativeTarget "flixDemo" */ = {
			isa = XCConfigurationList;
			buildConfigurations = (
				A4E5F4E5221D284D00488903 /* Debug */,
				A4E5F4E6221D284D00488903 /* Release */,
			);
			defaultConfigurationIsVisible = 0;
			defaultConfigurationName = Release;
		};
		A4E5F4E7221D284D00488903 /* Build configuration list for PBXNativeTarget "flixDemoTests" */ = {
			isa = XCConfigurationList;
			buildConfigurations = (
				A4E5F4E8221D284D00488903 /* Debug */,
				A4E5F4E9221D284D00488903 /* Release */,
			);
			defaultConfigurationIsVisible = 0;
			defaultConfigurationName = Release;
		};
		A4E5F4EA221D284D00488903 /* Build configuration list for PBXNativeTarget "flixDemoUITests" */ = {
			isa = XCConfigurationList;
			buildConfigurations = (
				A4E5F4EB221D284D00488903 /* Debug */,
				A4E5F4EC221D284D00488903 /* Release */,
			);
			defaultConfigurationIsVisible = 0;
			defaultConfigurationName = Release;
		};
/* End XCConfigurationList section */
	};
	rootObject = A4E5F4B4221D284A00488903 /* Project object */;
}
